{
    "_readme": [
        "This file locks the dependencies of your project to a known state",
        "Read more about it at http://getcomposer.org/doc/01-basic-usage.md#composer-lock-the-lock-file",
        "This file is @generated automatically"
    ],
    "hash": "76c6c6c54d6ea482cf4f9420658cf946",
    "packages": [
        {
            "name": "symfony/var-dumper",
            "version": "dev-master",
            "target-dir": "Symfony/Component/VarDumper",
            "source": {
                "type": "git",
                "url": "https://github.com/symfony/var-dumper.git",
                "reference": "aaa4996f0289392e4086a4d1bd6dacd49a214b6f"
            },
            "dist": {
                "type": "zip",
                "url": "https://api.github.com/repos/symfony/var-dumper/zipball/aaa4996f0289392e4086a4d1bd6dacd49a214b6f",
                "reference": "aaa4996f0289392e4086a4d1bd6dacd49a214b6f",
                "shasum": ""
            },
            "require": {
                "php": ">=5.5.9"
            },
            "require-dev": {
                "symfony/phpunit-bridge": "~2.7|~3.0"
            },
            "suggest": {
                "ext-symfony_debug": ""
            },
            "type": "library",
            "extra": {
                "branch-alias": {
                    "dev-master": "3.0-dev"
                }
            },
            "autoload": {
                "files": [
                    "Resources/functions/dump.php"
                ],
                "psr-0": {
                    "Symfony\\Component\\VarDumper\\": ""
                }
            },
            "notification-url": "https://packagist.org/downloads/",
            "license": [
                "MIT"
            ],
            "authors": [
                {
                    "name": "Symfony Community",
                    "homepage": "http://symfony.com/contributors"
                },
                {
                    "name": "Nicolas Grekas",
                    "email": "p@tchwork.com"
                }
            ],
            "description": "Symfony mechanism for exploring and dumping PHP variables",
            "homepage": "http://symfony.com",
            "keywords": [
                "debug",
                "dump"
            ],
            "time": "2015-03-07 07:44:26"
        }
    ],
    "packages-dev": [],
    "aliases": [],
    "minimum-stability": "stable",
    "stability-flags": {
        "symfony/var-dumper": 20
    },
    "prefer-stable": false,
    "prefer-lowest": false,
    "platform": [],
    "platform-dev": []
}
